
Microsoft Visual Studio Solution File, Format Version 12.00
# Visual Studio Version 16
VisualStudioVersion = 16.0.30907.101
MinimumVisualStudioVersion = 10.0.40219.1
Project("{FAE04EC0-301F-11D3-BF4B-00C04F79EFBC}") = "Ebaysharp", "Ebaysharp\Ebaysharp.csproj", "{64ED79B9-5057-4699-A640-149850318567}"
EndProject
Global
	GlobalSection(SolutionConfigurationPlatforms) = preSolution
		Debug|Any CPU = Debug|Any CPU
		Release|Any CPU = Release|Any CPU
	EndGlobalSection
	GlobalSection(ProjectConfigurationPlatforms) = postSolution
		{64ED79B9-5057-4699-A640-149850318567}.Debug|Any CPU.ActiveCfg = Debug|Any CPU
		{64ED79B9-5057-4699-A640-149850318567}.Debug|Any CPU.Build.0 = Debug|Any CPU
		{64ED79B9-5057-4699-A640-149850318567}.Release|Any CPU.ActiveCfg = Release|Any CPU
		{64ED79B9-5057-4699-A640-149850318567}.Release|Any CPU.Build.0 = Release|Any CPU
	EndGlobalSection
	GlobalSection(SolutionProperties) = preSolution
		HideSolutionNode = FALSE
	EndGlobalSection
	GlobalSection(ExtensibilityGlobals) = postSolution
		SolutionGuid = {BEF09841-5F53-4C41-B39D-0D775A4A3B27}
	EndGlobalSection
EndGlobal
